
Microsoft Visual Studio Solution File, Format Version 12.00
# Visual Studio Version 17
VisualStudioVersion = 17.7.34031.279
MinimumVisualStudioVersion = 10.0.40219.1
Project("{FAE04EC0-301F-11D3-BF4B-00C04F79EFBC}") = "Lab_3a", "Lab_3a\Lab_3a.csproj", "{F0879C93-329F-48CF-9D4D-38ACCD767DE2}"
EndProject
Global
	GlobalSection(SolutionConfigurationPlatforms) = preSolution
		Debug|Any CPU = Debug|Any CPU
		Release|Any CPU = Release|Any CPU
	EndGlobalSection
	GlobalSection(ProjectConfigurationPlatforms) = postSolution
		{F0879C93-329F-48CF-9D4D-38ACCD767DE2}.Debug|Any CPU.ActiveCfg = Debug|Any CPU
		{F0879C93-329F-48CF-9D4D-38ACCD767DE2}.Debug|Any CPU.Build.0 = Debug|Any CPU
		{F0879C93-329F-48CF-9D4D-38ACCD767DE2}.Release|Any CPU.ActiveCfg = Release|Any CPU
		{F0879C93-329F-48CF-9D4D-38ACCD767DE2}.Release|Any CPU.Build.0 = Release|Any CPU
	EndGlobalSection
	GlobalSection(SolutionProperties) = preSolution
		HideSolutionNode = FALSE
	EndGlobalSection
	GlobalSection(ExtensibilityGlobals) = postSolution
		SolutionGuid = {C291934D-A916-4C33-8C6C-4A7373430606}
	EndGlobalSection
EndGlobal
