
Microsoft Visual Studio Solution File, Format Version 12.00
# Visual Studio Version 17
VisualStudioVersion = 17.7.34031.279
MinimumVisualStudioVersion = 10.0.40219.1
Project("{FAE04EC0-301F-11D3-BF4B-00C04F79EFBC}") = "ASPCMVC01", "ASPCMVC01\ASPCMVC01.csproj", "{D9C34E5B-58D5-4611-BF39-6AF8C344CB1F}"
EndProject
Project("{FAE04EC0-301F-11D3-BF4B-00C04F79EFBC}") = "ASPCMVC02", "ASPCMVC02\ASPCMVC02.csproj", "{10DA01CB-D926-42DD-B35C-6B275465D1C0}"
EndProject
Global
	GlobalSection(SolutionConfigurationPlatforms) = preSolution
		Debug|Any CPU = Debug|Any CPU
		Release|Any CPU = Release|Any CPU
	EndGlobalSection
	GlobalSection(ProjectConfigurationPlatforms) = postSolution
		{D9C34E5B-58D5-4611-BF39-6AF8C344CB1F}.Debug|Any CPU.ActiveCfg = Debug|Any CPU
		{D9C34E5B-58D5-4611-BF39-6AF8C344CB1F}.Debug|Any CPU.Build.0 = Debug|Any CPU
		{D9C34E5B-58D5-4611-BF39-6AF8C344CB1F}.Release|Any CPU.ActiveCfg = Release|Any CPU
		{D9C34E5B-58D5-4611-BF39-6AF8C344CB1F}.Release|Any CPU.Build.0 = Release|Any CPU
		{10DA01CB-D926-42DD-B35C-6B275465D1C0}.Debug|Any CPU.ActiveCfg = Debug|Any CPU
		{10DA01CB-D926-42DD-B35C-6B275465D1C0}.Debug|Any CPU.Build.0 = Debug|Any CPU
		{10DA01CB-D926-42DD-B35C-6B275465D1C0}.Release|Any CPU.ActiveCfg = Release|Any CPU
		{10DA01CB-D926-42DD-B35C-6B275465D1C0}.Release|Any CPU.Build.0 = Release|Any CPU
	EndGlobalSection
	GlobalSection(SolutionProperties) = preSolution
		HideSolutionNode = FALSE
	EndGlobalSection
	GlobalSection(ExtensibilityGlobals) = postSolution
		SolutionGuid = {13AF1DA5-013E-4FF4-BDD7-C539513F93A3}
	EndGlobalSection
EndGlobal
