
Microsoft Visual Studio Solution File, Format Version 12.00
# Visual Studio Version 17
VisualStudioVersion = 17.7.34031.279
MinimumVisualStudioVersion = 10.0.40219.1
Project("{9A19103F-16F7-4668-BE54-9A1E7A4F7556}") = "ASPCMVC01", "ASPCMVC01\ASPCMVC01.csproj", "{D9C34E5B-58D5-4611-BF39-6AF8C344CB1F}"
EndProject
Project("{9A19103F-16F7-4668-BE54-9A1E7A4F7556}") = "ASPCMVC02", "ASPCMVC02\ASPCMVC02.csproj", "{10DA01CB-D926-42DD-B35C-6B275465D1C0}"
EndProject
Project("{9A19103F-16F7-4668-BE54-9A1E7A4F7556}") = "ASPCMVC03", "ASPCMVC03\ASPCMVC03.csproj", "{FE0CEAB4-EE65-424B-A6C8-A786416E6AF1}"
EndProject
Project("{9A19103F-16F7-4668-BE54-9A1E7A4F7556}") = "ASPCMVC04", "ASPCMVC04\ASPCMVC04.csproj", "{E092BA3E-702F-459A-9597-24BE11CEABC2}"
EndProject
Project("{9A19103F-16F7-4668-BE54-9A1E7A4F7556}") = "ASPCMVC05", "ASPCMVC05\ASPCMVC05.csproj", "{00CA4A13-FCE5-4DA1-9E8A-5AD3ECFE655F}"
EndProject
Global
	GlobalSection(SolutionConfigurationPlatforms) = preSolution
		Debug|Any CPU = Debug|Any CPU
		Release|Any CPU = Release|Any CPU
	EndGlobalSection
	GlobalSection(ProjectConfigurationPlatforms) = postSolution
		{D9C34E5B-58D5-4611-BF39-6AF8C344CB1F}.Debug|Any CPU.ActiveCfg = Debug|Any CPU
		{D9C34E5B-58D5-4611-BF39-6AF8C344CB1F}.Debug|Any CPU.Build.0 = Debug|Any CPU
		{D9C34E5B-58D5-4611-BF39-6AF8C344CB1F}.Release|Any CPU.ActiveCfg = Release|Any CPU
		{D9C34E5B-58D5-4611-BF39-6AF8C344CB1F}.Release|Any CPU.Build.0 = Release|Any CPU
		{10DA01CB-D926-42DD-B35C-6B275465D1C0}.Debug|Any CPU.ActiveCfg = Debug|Any CPU
		{10DA01CB-D926-42DD-B35C-6B275465D1C0}.Debug|Any CPU.Build.0 = Debug|Any CPU
		{10DA01CB-D926-42DD-B35C-6B275465D1C0}.Release|Any CPU.ActiveCfg = Release|Any CPU
		{10DA01CB-D926-42DD-B35C-6B275465D1C0}.Release|Any CPU.Build.0 = Release|Any CPU
		{FE0CEAB4-EE65-424B-A6C8-A786416E6AF1}.Debug|Any CPU.ActiveCfg = Debug|Any CPU
		{FE0CEAB4-EE65-424B-A6C8-A786416E6AF1}.Debug|Any CPU.Build.0 = Debug|Any CPU
		{FE0CEAB4-EE65-424B-A6C8-A786416E6AF1}.Release|Any CPU.ActiveCfg = Release|Any CPU
		{FE0CEAB4-EE65-424B-A6C8-A786416E6AF1}.Release|Any CPU.Build.0 = Release|Any CPU
		{E092BA3E-702F-459A-9597-24BE11CEABC2}.Debug|Any CPU.ActiveCfg = Debug|Any CPU
		{E092BA3E-702F-459A-9597-24BE11CEABC2}.Debug|Any CPU.Build.0 = Debug|Any CPU
		{E092BA3E-702F-459A-9597-24BE11CEABC2}.Release|Any CPU.ActiveCfg = Release|Any CPU
		{E092BA3E-702F-459A-9597-24BE11CEABC2}.Release|Any CPU.Build.0 = Release|Any CPU
		{00CA4A13-FCE5-4DA1-9E8A-5AD3ECFE655F}.Debug|Any CPU.ActiveCfg = Debug|Any CPU
		{00CA4A13-FCE5-4DA1-9E8A-5AD3ECFE655F}.Debug|Any CPU.Build.0 = Debug|Any CPU
		{00CA4A13-FCE5-4DA1-9E8A-5AD3ECFE655F}.Release|Any CPU.ActiveCfg = Release|Any CPU
		{00CA4A13-FCE5-4DA1-9E8A-5AD3ECFE655F}.Release|Any CPU.Build.0 = Release|Any CPU
	EndGlobalSection
	GlobalSection(SolutionProperties) = preSolution
		HideSolutionNode = FALSE
	EndGlobalSection
	GlobalSection(ExtensibilityGlobals) = postSolution
		SolutionGuid = {13AF1DA5-013E-4FF4-BDD7-C539513F93A3}
	EndGlobalSection
EndGlobal
